
Microsoft Visual Studio Solution File, Format Version 12.00
# Visual Studio Version 16
VisualStudioVersion = 16.0.29519.87
MinimumVisualStudioVersion = 10.0.40219.1
Project("{2150E333-8FDC-42A3-9474-1A3956D46DE8}") = "1.对比NetCore速度", "1.对比NetCore速度", "{1E8D6F87-59F4-4B05-8590-0617346971D5}"
EndProject
Project("{9A19103F-16F7-4668-BE54-9A1E7A4F7556}") = "SpeedTestByCore", "SpeedTestByCore\SpeedTestByCore.csproj", "{CFDD9282-5D20-4BBA-B27B-60A0ECEA6A86}"
EndProject
Project("{9A19103F-16F7-4668-BE54-9A1E7A4F7556}") = "ConsoleCodeFirst", "ConsoleCodeFirst\ConsoleCodeFirst.csproj", "{C9940E16-2A04-47CE-8B6C-25065530607D}"
EndProject
Project("{9A19103F-16F7-4668-BE54-9A1E7A4F7556}") = "DDD", "DDD\DDD.csproj", "{092119E2-7C76-4DE3-97DD-66655635724B}"
EndProject
Project("{2150E333-8FDC-42A3-9474-1A3956D46DE8}") = "DDD对比", "DDD对比", "{D4FBFF36-0B3D-420B-8ADA-442486D508F3}"
EndProject
Project("{2150E333-8FDC-42A3-9474-1A3956D46DE8}") = "Ioc", "Ioc", "{37053BD6-8AEB-4D2F-A1D1-023F145FF086}"
EndProject
Project("{9A19103F-16F7-4668-BE54-9A1E7A4F7556}") = "Ioc测试", "Ioc测试\Ioc测试.csproj", "{357EAF1C-DDA7-4495-99C4-56130DDD3FCF}"
EndProject
Project("{2150E333-8FDC-42A3-9474-1A3956D46DE8}") = "AOP", "AOP", "{DC52861D-121B-4036-882B-5F0177682036}"
EndProject
Project("{9A19103F-16F7-4668-BE54-9A1E7A4F7556}") = "AOPLearn", "AOPLearn\AOPLearn.csproj", "{3ECA22AF-5C69-485E-A920-5557179CCB63}"
EndProject
Project("{FAE04EC0-301F-11D3-BF4B-00C04F79EFBC}") = "AOPLearnTimer", "AOPLearnTimer\AOPLearnTimer.csproj", "{5E7DE0F9-AFA6-4995-B354-938FA10D7BD6}"
EndProject
Project("{FAE04EC0-301F-11D3-BF4B-00C04F79EFBC}") = "CoreWeb", "CoreWeb\CoreWeb.csproj", "{F692D59B-2AE5-4BD0-AACF-14E2F3DE6C34}"
EndProject
Project("{FAE04EC0-301F-11D3-BF4B-00C04F79EFBC}") = "AspNetCoreFull", "AspNetCoreFull\AspNetCoreFull.csproj", "{7CE820BB-E170-4768-AFB1-EEA4912ED98C}"
EndProject
Project("{FAE04EC0-301F-11D3-BF4B-00C04F79EFBC}") = "CoreWebFull", "CoreWebFull\CoreWebFull.csproj", "{30DEB47D-5C99-4B84-8F09-2E929ADA8CEB}"
EndProject
Global
	GlobalSection(SolutionConfigurationPlatforms) = preSolution
		Debug|Any CPU = Debug|Any CPU
		Release|Any CPU = Release|Any CPU
	EndGlobalSection
	GlobalSection(ProjectConfigurationPlatforms) = postSolution
		{CFDD9282-5D20-4BBA-B27B-60A0ECEA6A86}.Debug|Any CPU.ActiveCfg = Debug|Any CPU
		{CFDD9282-5D20-4BBA-B27B-60A0ECEA6A86}.Debug|Any CPU.Build.0 = Debug|Any CPU
		{CFDD9282-5D20-4BBA-B27B-60A0ECEA6A86}.Release|Any CPU.ActiveCfg = Release|Any CPU
		{CFDD9282-5D20-4BBA-B27B-60A0ECEA6A86}.Release|Any CPU.Build.0 = Release|Any CPU
		{C9940E16-2A04-47CE-8B6C-25065530607D}.Debug|Any CPU.ActiveCfg = Debug|Any CPU
		{C9940E16-2A04-47CE-8B6C-25065530607D}.Debug|Any CPU.Build.0 = Debug|Any CPU
		{C9940E16-2A04-47CE-8B6C-25065530607D}.Release|Any CPU.ActiveCfg = Release|Any CPU
		{C9940E16-2A04-47CE-8B6C-25065530607D}.Release|Any CPU.Build.0 = Release|Any CPU
		{092119E2-7C76-4DE3-97DD-66655635724B}.Debug|Any CPU.ActiveCfg = Debug|Any CPU
		{092119E2-7C76-4DE3-97DD-66655635724B}.Debug|Any CPU.Build.0 = Debug|Any CPU
		{092119E2-7C76-4DE3-97DD-66655635724B}.Release|Any CPU.ActiveCfg = Release|Any CPU
		{092119E2-7C76-4DE3-97DD-66655635724B}.Release|Any CPU.Build.0 = Release|Any CPU
		{357EAF1C-DDA7-4495-99C4-56130DDD3FCF}.Debug|Any CPU.ActiveCfg = Debug|Any CPU
		{357EAF1C-DDA7-4495-99C4-56130DDD3FCF}.Debug|Any CPU.Build.0 = Debug|Any CPU
		{357EAF1C-DDA7-4495-99C4-56130DDD3FCF}.Release|Any CPU.ActiveCfg = Release|Any CPU
		{357EAF1C-DDA7-4495-99C4-56130DDD3FCF}.Release|Any CPU.Build.0 = Release|Any CPU
		{3ECA22AF-5C69-485E-A920-5557179CCB63}.Debug|Any CPU.ActiveCfg = Debug|Any CPU
		{3ECA22AF-5C69-485E-A920-5557179CCB63}.Debug|Any CPU.Build.0 = Debug|Any CPU
		{3ECA22AF-5C69-485E-A920-5557179CCB63}.Release|Any CPU.ActiveCfg = Release|Any CPU
		{3ECA22AF-5C69-485E-A920-5557179CCB63}.Release|Any CPU.Build.0 = Release|Any CPU
		{5E7DE0F9-AFA6-4995-B354-938FA10D7BD6}.Debug|Any CPU.ActiveCfg = Debug|Any CPU
		{5E7DE0F9-AFA6-4995-B354-938FA10D7BD6}.Debug|Any CPU.Build.0 = Debug|Any CPU
		{5E7DE0F9-AFA6-4995-B354-938FA10D7BD6}.Release|Any CPU.ActiveCfg = Release|Any CPU
		{5E7DE0F9-AFA6-4995-B354-938FA10D7BD6}.Release|Any CPU.Build.0 = Release|Any CPU
		{F692D59B-2AE5-4BD0-AACF-14E2F3DE6C34}.Debug|Any CPU.ActiveCfg = Debug|Any CPU
		{F692D59B-2AE5-4BD0-AACF-14E2F3DE6C34}.Debug|Any CPU.Build.0 = Debug|Any CPU
		{F692D59B-2AE5-4BD0-AACF-14E2F3DE6C34}.Release|Any CPU.ActiveCfg = Release|Any CPU
		{F692D59B-2AE5-4BD0-AACF-14E2F3DE6C34}.Release|Any CPU.Build.0 = Release|Any CPU
		{7CE820BB-E170-4768-AFB1-EEA4912ED98C}.Debug|Any CPU.ActiveCfg = Debug|Any CPU
		{7CE820BB-E170-4768-AFB1-EEA4912ED98C}.Debug|Any CPU.Build.0 = Debug|Any CPU
		{7CE820BB-E170-4768-AFB1-EEA4912ED98C}.Release|Any CPU.ActiveCfg = Release|Any CPU
		{7CE820BB-E170-4768-AFB1-EEA4912ED98C}.Release|Any CPU.Build.0 = Release|Any CPU
		{30DEB47D-5C99-4B84-8F09-2E929ADA8CEB}.Debug|Any CPU.ActiveCfg = Debug|Any CPU
		{30DEB47D-5C99-4B84-8F09-2E929ADA8CEB}.Debug|Any CPU.Build.0 = Debug|Any CPU
		{30DEB47D-5C99-4B84-8F09-2E929ADA8CEB}.Release|Any CPU.ActiveCfg = Release|Any CPU
		{30DEB47D-5C99-4B84-8F09-2E929ADA8CEB}.Release|Any CPU.Build.0 = Release|Any CPU
	EndGlobalSection
	GlobalSection(SolutionProperties) = preSolution
		HideSolutionNode = FALSE
	EndGlobalSection
	GlobalSection(NestedProjects) = preSolution
		{CFDD9282-5D20-4BBA-B27B-60A0ECEA6A86} = {1E8D6F87-59F4-4B05-8590-0617346971D5}
		{092119E2-7C76-4DE3-97DD-66655635724B} = {D4FBFF36-0B3D-420B-8ADA-442486D508F3}
		{357EAF1C-DDA7-4495-99C4-56130DDD3FCF} = {37053BD6-8AEB-4D2F-A1D1-023F145FF086}
		{3ECA22AF-5C69-485E-A920-5557179CCB63} = {DC52861D-121B-4036-882B-5F0177682036}
		{5E7DE0F9-AFA6-4995-B354-938FA10D7BD6} = {DC52861D-121B-4036-882B-5F0177682036}
	EndGlobalSection
	GlobalSection(ExtensibilityGlobals) = postSolution
		SolutionGuid = {C6F16759-C136-4659-96BA-3146D6D83F9E}
	EndGlobalSection
EndGlobal
